dependencies:
- name: kube-prometheus-stack
  repository: https://prometheus-community.github.io/helm-charts
  version: 84.5.0
- name: loki
  repository: https://grafana.github.io/helm-charts
  version: 7.0.0
- name: promtail
  repository: https://grafana.github.io/helm-charts
  version: 6.17.1
digest: sha256:b33840eae422825eff9d8eefd9d642191deef75260594a96c40122cb71111ff9
generated: "2026-05-05T19:32:07.479990668+03:00"
